
Microsoft Visual Studio Solution File, Format Version 12.00
# Visual Studio Version 17
VisualStudioVersion = 17.5.33516.290
MinimumVisualStudioVersion = 10.0.40219.1
Project("{FAE04EC0-301F-11D3-BF4B-00C04F79EFBC}") = "ExpensesManager", "ExpensesManager\ExpensesManager.csproj", "{EC941D57-59F0-4E8A-8F53-2DB4ACB063DD}"
EndProject
Global
	GlobalSection(SolutionConfigurationPlatforms) = preSolution
		Debug|Any CPU = Debug|Any CPU
		Release|Any CPU = Release|Any CPU
	EndGlobalSection
	GlobalSection(ProjectConfigurationPlatforms) = postSolution
		{EC941D57-59F0-4E8A-8F53-2DB4ACB063DD}.Debug|Any CPU.ActiveCfg = Debug|Any CPU
		{EC941D57-59F0-4E8A-8F53-2DB4ACB063DD}.Debug|Any CPU.Build.0 = Debug|Any CPU
		{EC941D57-59F0-4E8A-8F53-2DB4ACB063DD}.Release|Any CPU.ActiveCfg = Release|Any CPU
		{EC941D57-59F0-4E8A-8F53-2DB4ACB063DD}.Release|Any CPU.Build.0 = Release|Any CPU
	EndGlobalSection
	GlobalSection(SolutionProperties) = preSolution
		HideSolutionNode = FALSE
	EndGlobalSection
	GlobalSection(ExtensibilityGlobals) = postSolution
		SolutionGuid = {A473261C-A0B5-4C6B-9186-6D3897845ED0}
	EndGlobalSection
EndGlobal
