
Microsoft Visual Studio Solution File, Format Version 12.00
# Visual Studio Version 17
VisualStudioVersion = 17.5.33516.290
MinimumVisualStudioVersion = 10.0.40219.1
Project("{FAE04EC0-301F-11D3-BF4B-00C04F79EFBC}") = "ExpensesManager", "ExpensesManager\ExpensesManager.csproj", "{EC941D57-59F0-4E8A-8F53-2DB4ACB063DD}"
EndProject
Project("{FAE04EC0-301F-11D3-BF4B-00C04F79EFBC}") = "Geometry", "Geometry\Geometry.csproj", "{E1AE7E08-C01A-4E35-83EB-BB1277BCA36B}"
EndProject
Project("{FAE04EC0-301F-11D3-BF4B-00C04F79EFBC}") = "GeometryTests", "GeometryTests\GeometryTests.csproj", "{E2EA6B85-4F72-4A50-A087-81624925682D}"
EndProject
Project("{FAE04EC0-301F-11D3-BF4B-00C04F79EFBC}") = "Utilities", "Utilities\Utilities.csproj", "{C7C6605C-FAF0-4F46-B5EF-BD9E4F71B6C0}"
EndProject
Project("{FAE04EC0-301F-11D3-BF4B-00C04F79EFBC}") = "UtilitiesTests", "UtilitiesTests\UtilitiesTests.csproj", "{9EF36B76-2B66-464F-98A3-CB64FC7523E0}"
EndProject
Global
	GlobalSection(SolutionConfigurationPlatforms) = preSolution
		Debug|Any CPU = Debug|Any CPU
		Release|Any CPU = Release|Any CPU
	EndGlobalSection
	GlobalSection(ProjectConfigurationPlatforms) = postSolution
		{EC941D57-59F0-4E8A-8F53-2DB4ACB063DD}.Debug|Any CPU.ActiveCfg = Debug|Any CPU
		{EC941D57-59F0-4E8A-8F53-2DB4ACB063DD}.Debug|Any CPU.Build.0 = Debug|Any CPU
		{EC941D57-59F0-4E8A-8F53-2DB4ACB063DD}.Release|Any CPU.ActiveCfg = Release|Any CPU
		{EC941D57-59F0-4E8A-8F53-2DB4ACB063DD}.Release|Any CPU.Build.0 = Release|Any CPU
		{E1AE7E08-C01A-4E35-83EB-BB1277BCA36B}.Debug|Any CPU.ActiveCfg = Debug|Any CPU
		{E1AE7E08-C01A-4E35-83EB-BB1277BCA36B}.Debug|Any CPU.Build.0 = Debug|Any CPU
		{E1AE7E08-C01A-4E35-83EB-BB1277BCA36B}.Release|Any CPU.ActiveCfg = Release|Any CPU
		{E1AE7E08-C01A-4E35-83EB-BB1277BCA36B}.Release|Any CPU.Build.0 = Release|Any CPU
		{E2EA6B85-4F72-4A50-A087-81624925682D}.Debug|Any CPU.ActiveCfg = Debug|Any CPU
		{E2EA6B85-4F72-4A50-A087-81624925682D}.Debug|Any CPU.Build.0 = Debug|Any CPU
		{E2EA6B85-4F72-4A50-A087-81624925682D}.Release|Any CPU.ActiveCfg = Release|Any CPU
		{E2EA6B85-4F72-4A50-A087-81624925682D}.Release|Any CPU.Build.0 = Release|Any CPU
		{C7C6605C-FAF0-4F46-B5EF-BD9E4F71B6C0}.Debug|Any CPU.ActiveCfg = Debug|Any CPU
		{C7C6605C-FAF0-4F46-B5EF-BD9E4F71B6C0}.Debug|Any CPU.Build.0 = Debug|Any CPU
		{C7C6605C-FAF0-4F46-B5EF-BD9E4F71B6C0}.Release|Any CPU.ActiveCfg = Release|Any CPU
		{C7C6605C-FAF0-4F46-B5EF-BD9E4F71B6C0}.Release|Any CPU.Build.0 = Release|Any CPU
		{9EF36B76-2B66-464F-98A3-CB64FC7523E0}.Debug|Any CPU.ActiveCfg = Debug|Any CPU
		{9EF36B76-2B66-464F-98A3-CB64FC7523E0}.Debug|Any CPU.Build.0 = Debug|Any CPU
		{9EF36B76-2B66-464F-98A3-CB64FC7523E0}.Release|Any CPU.ActiveCfg = Release|Any CPU
		{9EF36B76-2B66-464F-98A3-CB64FC7523E0}.Release|Any CPU.Build.0 = Release|Any CPU
	EndGlobalSection
	GlobalSection(SolutionProperties) = preSolution
		HideSolutionNode = FALSE
	EndGlobalSection
	GlobalSection(ExtensibilityGlobals) = postSolution
		SolutionGuid = {A473261C-A0B5-4C6B-9186-6D3897845ED0}
	EndGlobalSection
EndGlobal
